
Microsoft Visual Studio Solution File, Format Version 12.00
# Visual Studio 14
VisualStudioVersion = 14.0.25420.1
MinimumVisualStudioVersion = 10.0.40219.1
Project("{2150E333-8FDC-42A3-9474-1A3956D46DE8}") = "API", "API", "{FB4BB191-AB5A-4E56-970C-DB4121658D52}"
EndProject
Project("{FAE04EC0-301F-11D3-BF4B-00C04F79EFBC}") = "CalculatorAPI", "API\CalculatorAPI\CalculatorAPI.csproj", "{759C7F30-1DB8-41FD-BABE-494CB38F7D55}"
EndProject
Project("{2150E333-8FDC-42A3-9474-1A3956D46DE8}") = "Bot", "Bot", "{1D391FA6-F6EB-4325-9725-E040AC3B59C6}"
EndProject
Project("{FAE04EC0-301F-11D3-BF4B-00C04F79EFBC}") = "CalculatorBot", "Bot\CalculatorBot\CalculatorBot.csproj", "{A8BA1066-5695-4D71-ABB4-65E5A5E0C3D4}"
EndProject
Global
	GlobalSection(SolutionConfigurationPlatforms) = preSolution
		Debug|Any CPU = Debug|Any CPU
		Release|Any CPU = Release|Any CPU
	EndGlobalSection
	GlobalSection(ProjectConfigurationPlatforms) = postSolution
		{759C7F30-1DB8-41FD-BABE-494CB38F7D55}.Debug|Any CPU.ActiveCfg = Debug|Any CPU
		{759C7F30-1DB8-41FD-BABE-494CB38F7D55}.Debug|Any CPU.Build.0 = Debug|Any CPU
		{759C7F30-1DB8-41FD-BABE-494CB38F7D55}.Release|Any CPU.ActiveCfg = Release|Any CPU
		{759C7F30-1DB8-41FD-BABE-494CB38F7D55}.Release|Any CPU.Build.0 = Release|Any CPU
		{A8BA1066-5695-4D71-ABB4-65E5A5E0C3D4}.Debug|Any CPU.ActiveCfg = Debug|Any CPU
		{A8BA1066-5695-4D71-ABB4-65E5A5E0C3D4}.Debug|Any CPU.Build.0 = Debug|Any CPU
		{A8BA1066-5695-4D71-ABB4-65E5A5E0C3D4}.Release|Any CPU.ActiveCfg = Release|Any CPU
		{A8BA1066-5695-4D71-ABB4-65E5A5E0C3D4}.Release|Any CPU.Build.0 = Release|Any CPU
	EndGlobalSection
	GlobalSection(SolutionProperties) = preSolution
		HideSolutionNode = FALSE
	EndGlobalSection
	GlobalSection(NestedProjects) = preSolution
		{759C7F30-1DB8-41FD-BABE-494CB38F7D55} = {FB4BB191-AB5A-4E56-970C-DB4121658D52}
		{A8BA1066-5695-4D71-ABB4-65E5A5E0C3D4} = {1D391FA6-F6EB-4325-9725-E040AC3B59C6}
	EndGlobalSection
EndGlobal
